// !$*UTF8*$!
{
	archiveVersion = 1;
	classes = {
	};
	objectVersion = 56;
	objects = {

/* Begin PBXBuildFile section */
		7E92CDD62A49953900427C61 /* LimitChefColors.swift in Sources */ = {isa = PBXBuildFile; fileRef = 7E92CDD52A49953900427C61 /* LimitChefColors.swift */; };
		7E92CDDA2A499D9200427C61 /* ListThumbnailSmall.swift in Sources */ = {isa = PBXBuildFile; fileRef = 7E92CDD92A499D9200427C61 /* ListThumbnailSmall.swift */; };
		7E92CDDC2A49A0A400427C61 /* ListThumbnailMedium.swift in Sources */ = {isa = PBXBuildFile; fileRef = 7E92CDDB2A49A0A400427C61 /* ListThumbnailMedium.swift */; };
		7E92CDDE2A49C97A00427C61 /* HomeScreen.swift in Sources */ = {isa = PBXBuildFile; fileRef = 7E92CDDD2A49C97A00427C61 /* HomeScreen.swift */; };
		7E92CDE02A4C139300427C61 /* RecipeApiService.swift in Sources */ = {isa = PBXBuildFile; fileRef = 7E92CDDF2A4C139300427C61 /* RecipeApiService.swift */; };
		7E92CDF62A52CF0300427C61 /* RecipeDetailView.swift in Sources */ = {isa = PBXBuildFile; fileRef = 7E92CDF52A52CF0300427C61 /* RecipeDetailView.swift */; };
		7E92CE002A55739E00427C61 /* RecipeDetailView.png in Resources */ = {isa = PBXBuildFile; fileRef = 7E92CDF92A55739D00427C61 /* RecipeDetailView.png */; };
		7E92CE012A55739E00427C61 /* HomeScreen.png in Resources */ = {isa = PBXBuildFile; fileRef = 7E92CDFA2A55739D00427C61 /* HomeScreen.png */; };
		7E92CE022A55739E00427C61 /* IngredientsScreen.png in Resources */ = {isa = PBXBuildFile; fileRef = 7E92CDFB2A55739D00427C61 /* IngredientsScreen.png */; };
		7E92CE032A55739E00427C61 /* PflichtenHeftModul4NigelMarks.pages in Resources */ = {isa = PBXBuildFile; fileRef = 7E92CDFC2A55739D00427C61 /* PflichtenHeftModul4NigelMarks.pages */; };
		7E92CE042A55739E00427C61 /* RecipeSearch.png in Resources */ = {isa = PBXBuildFile; fileRef = 7E92CDFD2A55739E00427C61 /* RecipeSearch.png */; };
		7E92CE052A55739E00427C61 /* LimitChefProjectPlan.pdf in Resources */ = {isa = PBXBuildFile; fileRef = 7E92CDFE2A55739E00427C61 /* LimitChefProjectPlan.pdf */; };
		7E92CE062A55739E00427C61 /* FavoriteList.png in Resources */ = {isa = PBXBuildFile; fileRef = 7E92CDFF2A55739E00427C61 /* FavoriteList.png */; };
		7E92CE092A5810D800427C61 /* Util.swift in Sources */ = {isa = PBXBuildFile; fileRef = 7E92CE082A5810D800427C61 /* Util.swift */; };
		7E92CE0B2A5813BF00427C61 /* HomeViewModel.swift in Sources */ = {isa = PBXBuildFile; fileRef = 7E92CE0A2A5813BF00427C61 /* HomeViewModel.swift */; };
		7E92CE0D2A58383100427C61 /* IngredientAPI.swift in Sources */ = {isa = PBXBuildFile; fileRef = 7E92CE0C2A58383100427C61 /* IngredientAPI.swift */; };
		7E92CE0F2A5D6E1900427C61 /* CRUDService.swift in Sources */ = {isa = PBXBuildFile; fileRef = 7E92CE0E2A5D6E1900427C61 /* CRUDService.swift */; };
		7E92CE112A5D8B3500427C61 /* IngredientsScreen.swift in Sources */ = {isa = PBXBuildFile; fileRef = 7E92CE102A5D8B3500427C61 /* IngredientsScreen.swift */; };
		7E92CE132A5D8B5600427C61 /* IngredientsViewModel.swift in Sources */ = {isa = PBXBuildFile; fileRef = 7E92CE122A5D8B5600427C61 /* IngredientsViewModel.swift */; };
		7E92CE192A656AEB00427C61 /* RecipeSearch.swift in Sources */ = {isa = PBXBuildFile; fileRef = 7E92CE182A656AEB00427C61 /* RecipeSearch.swift */; };
		7E92CE1B2A656B0C00427C61 /* SearchViewModel.swift in Sources */ = {isa = PBXBuildFile; fileRef = 7E92CE1A2A656B0C00427C61 /* SearchViewModel.swift */; };
		7E92CE1D2A669CF200427C61 /* AppStorageKeys.swift in Sources */ = {isa = PBXBuildFile; fileRef = 7E92CE1C2A669CF200427C61 /* AppStorageKeys.swift */; };
		7E92CE1F2A6A7DDA00427C61 /* FavoriteListView.swift in Sources */ = {isa = PBXBuildFile; fileRef = 7E92CE1E2A6A7DDA00427C61 /* FavoriteListView.swift */; };
		7E92CE212A6A7E3800427C61 /* FavoritesViewModel.swift in Sources */ = {isa = PBXBuildFile; fileRef = 7E92CE202A6A7E3800427C61 /* FavoritesViewModel.swift */; };
		7E9F08DE2A443DFE0014B34D /* LimitChefApp.swift in Sources */ = {isa = PBXBuildFile; fileRef = 7E9F08DD2A443DFE0014B34D /* LimitChefApp.swift */; };
		7E9F08E02A443DFE0014B34D /* ContentView.swift in Sources */ = {isa = PBXBuildFile; fileRef = 7E9F08DF2A443DFE0014B34D /* ContentView.swift */; };
		7E9F08E22A443DFF0014B34D /* Assets.xcassets in Resources */ = {isa = PBXBuildFile; fileRef = 7E9F08E12A443DFF0014B34D /* Assets.xcassets */; };
		7E9F08E52A443DFF0014B34D /* Preview Assets.xcassets in Resources */ = {isa = PBXBuildFile; fileRef = 7E9F08E42A443DFF0014B34D /* Preview Assets.xcassets */; };
		7E9F08F72A45A1DE0014B34D /* MainViewModel.swift in Sources */ = {isa = PBXBuildFile; fileRef = 7E9F08F62A45A1DE0014B34D /* MainViewModel.swift */; };
		7E9F08FA2A45A2230014B34D /* RecipeModel.xcdatamodeld in Sources */ = {isa = PBXBuildFile; fileRef = 7E9F08F82A45A2230014B34D /* RecipeModel.xcdatamodeld */; };
		7E9F08FC2A45D85A0014B34D /* Recipe.swift in Sources */ = {isa = PBXBuildFile; fileRef = 7E9F08FB2A45D85A0014B34D /* Recipe.swift */; };
		7E9F08FE2A45DA610014B34D /* Category.swift in Sources */ = {isa = PBXBuildFile; fileRef = 7E9F08FD2A45DA610014B34D /* Category.swift */; };
		7E9F090E2A497BF70014B34D /* HeaderView.swift in Sources */ = {isa = PBXBuildFile; fileRef = 7E9F090D2A497BF70014B34D /* HeaderView.swift */; };
		D7FB9A2B2A541DB400AD5461 /* DetailViewModel.swift in Sources */ = {isa = PBXBuildFile; fileRef = D7FB9A2A2A541DB400AD5461 /* DetailViewModel.swift */; };
/* End PBXBuildFile section */

/* Begin PBXFileReference section */
		7E92CDD52A49953900427C61 /* LimitChefColors.swift */ = {isa = PBXFileReference; lastKnownFileType = sourcecode.swift; path = LimitChefColors.swift; sourceTree = "<group>"; };
		7E92CDD92A499D9200427C61 /* ListThumbnailSmall.swift */ = {isa = PBXFileReference; lastKnownFileType = sourcecode.swift; path = ListThumbnailSmall.swift; sourceTree = "<group>"; };
		7E92CDDB2A49A0A400427C61 /* ListThumbnailMedium.swift */ = {isa = PBXFileReference; lastKnownFileType = sourcecode.swift; path = ListThumbnailMedium.swift; sourceTree = "<group>"; };
		7E92CDDD2A49C97A00427C61 /* HomeScreen.swift */ = {isa = PBXFileReference; lastKnownFileType = sourcecode.swift; path = HomeScreen.swift; sourceTree = "<group>"; };
		7E92CDDF2A4C139300427C61 /* RecipeApiService.swift */ = {isa = PBXFileReference; lastKnownFileType = sourcecode.swift; path = RecipeApiService.swift; sourceTree = "<group>"; };
		7E92CDF52A52CF0300427C61 /* RecipeDetailView.swift */ = {isa = PBXFileReference; lastKnownFileType = sourcecode.swift; path = RecipeDetailView.swift; sourceTree = "<group>"; };
		7E92CDF92A55739D00427C61 /* RecipeDetailView.png */ = {isa = PBXFileReference; lastKnownFileType = image.png; path = RecipeDetailView.png; sourceTree = "<group>"; };
		7E92CDFA2A55739D00427C61 /* HomeScreen.png */ = {isa = PBXFileReference; lastKnownFileType = image.png; path = HomeScreen.png; sourceTree = "<group>"; };
		7E92CDFB2A55739D00427C61 /* IngredientsScreen.png */ = {isa = PBXFileReference; lastKnownFileType = image.png; path = IngredientsScreen.png; sourceTree = "<group>"; };
		7E92CDFC2A55739D00427C61 /* PflichtenHeftModul4NigelMarks.pages */ = {isa = PBXFileReference; lastKnownFileType = file; path = PflichtenHeftModul4NigelMarks.pages; sourceTree = "<group>"; };
		7E92CDFD2A55739E00427C61 /* RecipeSearch.png */ = {isa = PBXFileReference; lastKnownFileType = image.png; path = RecipeSearch.png; sourceTree = "<group>"; };
		7E92CDFE2A55739E00427C61 /* LimitChefProjectPlan.pdf */ = {isa = PBXFileReference; lastKnownFileType = image.pdf; path = LimitChefProjectPlan.pdf; sourceTree = "<group>"; };
		7E92CDFF2A55739E00427C61 /* FavoriteList.png */ = {isa = PBXFileReference; lastKnownFileType = image.png; path = FavoriteList.png; sourceTree = "<group>"; };
		7E92CE082A5810D800427C61 /* Util.swift */ = {isa = PBXFileReference; lastKnownFileType = sourcecode.swift; path = Util.swift; sourceTree = "<group>"; };
		7E92CE0A2A5813BF00427C61 /* HomeViewModel.swift */ = {isa = PBXFileReference; lastKnownFileType = sourcecode.swift; path = HomeViewModel.swift; sourceTree = "<group>"; };
		7E92CE0C2A58383100427C61 /* IngredientAPI.swift */ = {isa = PBXFileReference; lastKnownFileType = sourcecode.swift; path = IngredientAPI.swift; sourceTree = "<group>"; };
		7E92CE0E2A5D6E1900427C61 /* CRUDService.swift */ = {isa = PBXFileReference; lastKnownFileType = sourcecode.swift; path = CRUDService.swift; sourceTree = "<group>"; };
		7E92CE102A5D8B3500427C61 /* IngredientsScreen.swift */ = {isa = PBXFileReference; lastKnownFileType = sourcecode.swift; path = IngredientsScreen.swift; sourceTree = "<group>"; };
		7E92CE122A5D8B5600427C61 /* IngredientsViewModel.swift */ = {isa = PBXFileReference; lastKnownFileType = sourcecode.swift; path = IngredientsViewModel.swift; sourceTree = "<group>"; };
		7E92CE182A656AEB00427C61 /* RecipeSearch.swift */ = {isa = PBXFileReference; lastKnownFileType = sourcecode.swift; path = RecipeSearch.swift; sourceTree = "<group>"; };
		7E92CE1A2A656B0C00427C61 /* SearchViewModel.swift */ = {isa = PBXFileReference; lastKnownFileType = sourcecode.swift; path = SearchViewModel.swift; sourceTree = "<group>"; };
		7E92CE1C2A669CF200427C61 /* AppStorageKeys.swift */ = {isa = PBXFileReference; lastKnownFileType = sourcecode.swift; path = AppStorageKeys.swift; sourceTree = "<group>"; };
		7E92CE1E2A6A7DDA00427C61 /* FavoriteListView.swift */ = {isa = PBXFileReference; lastKnownFileType = sourcecode.swift; path = FavoriteListView.swift; sourceTree = "<group>"; };
		7E92CE202A6A7E3800427C61 /* FavoritesViewModel.swift */ = {isa = PBXFileReference; lastKnownFileType = sourcecode.swift; path = FavoritesViewModel.swift; sourceTree = "<group>"; };
		7E9F08DA2A443DFE0014B34D /* LimitChef.app */ = {isa = PBXFileReference; explicitFileType = wrapper.application; includeInIndex = 0; path = LimitChef.app; sourceTree = BUILT_PRODUCTS_DIR; };
		7E9F08DD2A443DFE0014B34D /* LimitChefApp.swift */ = {isa = PBXFileReference; lastKnownFileType = sourcecode.swift; path = LimitChefApp.swift; sourceTree = "<group>"; };
		7E9F08DF2A443DFE0014B34D /* ContentView.swift */ = {isa = PBXFileReference; lastKnownFileType = sourcecode.swift; path = ContentView.swift; sourceTree = "<group>"; };
		7E9F08E12A443DFF0014B34D /* Assets.xcassets */ = {isa = PBXFileReference; lastKnownFileType = folder.assetcatalog; path = Assets.xcassets; sourceTree = "<group>"; };
		7E9F08E42A443DFF0014B34D /* Preview Assets.xcassets */ = {isa = PBXFileReference; lastKnownFileType = folder.assetcatalog; path = "Preview Assets.xcassets"; sourceTree = "<group>"; };
		7E9F08F62A45A1DE0014B34D /* MainViewModel.swift */ = {isa = PBXFileReference; lastKnownFileType = sourcecode.swift; path = MainViewModel.swift; sourceTree = "<group>"; };
		7E9F08F92A45A2230014B34D /* RecipeModel.xcdatamodel */ = {isa = PBXFileReference; lastKnownFileType = wrapper.xcdatamodel; path = RecipeModel.xcdatamodel; sourceTree = "<group>"; };
		7E9F08FB2A45D85A0014B34D /* Recipe.swift */ = {isa = PBXFileReference; lastKnownFileType = sourcecode.swift; path = Recipe.swift; sourceTree = "<group>"; };
		7E9F08FD2A45DA610014B34D /* Category.swift */ = {isa = PBXFileReference; lastKnownFileType = sourcecode.swift; path = Category.swift; sourceTree = "<group>"; };
		7E9F090D2A497BF70014B34D /* HeaderView.swift */ = {isa = PBXFileReference; lastKnownFileType = sourcecode.swift; path = HeaderView.swift; sourceTree = "<group>"; };
		D7FB9A2A2A541DB400AD5461 /* DetailViewModel.swift */ = {isa = PBXFileReference; lastKnownFileType = sourcecode.swift; path = DetailViewModel.swift; sourceTree = "<group>"; };
/* End PBXFileReference section */

/* Begin PBXFrameworksBuildPhase section */
		7E9F08D72A443DFE0014B34D /* Frameworks */ = {
			isa = PBXFrameworksBuildPhase;
			buildActionMask = 2147483647;
			files = (
			);
			runOnlyForDeploymentPostprocessing = 0;
		};
/* End PBXFrameworksBuildPhase section */

/* Begin PBXGroup section */
		7E92CDF82A55735E00427C61 /* Concepts */ = {
			isa = PBXGroup;
			children = (
				7E92CDFF2A55739E00427C61 /* FavoriteList.png */,
				7E92CDFA2A55739D00427C61 /* HomeScreen.png */,
				7E92CDFB2A55739D00427C61 /* IngredientsScreen.png */,
				7E92CDFE2A55739E00427C61 /* LimitChefProjectPlan.pdf */,
				7E92CDFC2A55739D00427C61 /* PflichtenHeftModul4NigelMarks.pages */,
				7E92CDF92A55739D00427C61 /* RecipeDetailView.png */,
				7E92CDFD2A55739E00427C61 /* RecipeSearch.png */,
			);
			path = Concepts;
			sourceTree = "<group>";
		};
		7E92CE072A5810B300427C61 /* Util */ = {
			isa = PBXGroup;
			children = (
				7E92CE082A5810D800427C61 /* Util.swift */,
				7E92CE1C2A669CF200427C61 /* AppStorageKeys.swift */,
			);
			path = Util;
			sourceTree = "<group>";
		};
		7E9F08D12A443DFE0014B34D = {
			isa = PBXGroup;
			children = (
				7E9F08DC2A443DFE0014B34D /* LimitChef */,
				7E9F08DB2A443DFE0014B34D /* Products */,
			);
			sourceTree = "<group>";
		};
		7E9F08DB2A443DFE0014B34D /* Products */ = {
			isa = PBXGroup;
			children = (
				7E9F08DA2A443DFE0014B34D /* LimitChef.app */,
			);
			name = Products;
			sourceTree = "<group>";
		};
		7E9F08DC2A443DFE0014B34D /* LimitChef */ = {
			isa = PBXGroup;
			children = (
				7E92CE072A5810B300427C61 /* Util */,
				7E92CDF82A55735E00427C61 /* Concepts */,
				7E9F08EF2A458DBC0014B34D /* Data */,
				7E9F08EE2A458D810014B34D /* Services */,
				7E9F08ED2A458D6D0014B34D /* ViewModel */,
				7E9F08EC2A458D610014B34D /* Views */,
				7E9F08DD2A443DFE0014B34D /* LimitChefApp.swift */,
				7E9F08DF2A443DFE0014B34D /* ContentView.swift */,
				7E9F08E12A443DFF0014B34D /* Assets.xcassets */,
				7E9F08E32A443DFF0014B34D /* Preview Content */,
			);
			path = LimitChef;
			sourceTree = "<group>";
		};
		7E9F08E32A443DFF0014B34D /* Preview Content */ = {
			isa = PBXGroup;
			children = (
				7E9F08E42A443DFF0014B34D /* Preview Assets.xcassets */,
			);
			path = "Preview Content";
			sourceTree = "<group>";
		};
		7E9F08EB2A458D550014B34D /* Model */ = {
			isa = PBXGroup;
			children = (
				7E9F08F82A45A2230014B34D /* RecipeModel.xcdatamodeld */,
				7E9F08FB2A45D85A0014B34D /* Recipe.swift */,
				7E9F08FD2A45DA610014B34D /* Category.swift */,
				7E92CE0C2A58383100427C61 /* IngredientAPI.swift */,
			);
			path = Model;
			sourceTree = "<group>";
		};
		7E9F08EC2A458D610014B34D /* Views */ = {
			isa = PBXGroup;
			children = (
				7E9F08F52A459F540014B34D /* FavoriteList */,
				7E9F08F42A459F390014B34D /* RecipeDetailView */,
				7E9F08F32A459F240014B34D /* RecipeSearch */,
				7E9F08F22A459F180014B34D /* IngredientsScreen */,
				7E9F08F12A459EFD0014B34D /* HomeScreen */,
				7E9F08F02A459ECD0014B34D /* common */,
				7E92CDD52A49953900427C61 /* LimitChefColors.swift */,
			);
			path = Views;
			sourceTree = "<group>";
		};
		7E9F08ED2A458D6D0014B34D /* ViewModel */ = {
			isa = PBXGroup;
			children = (
				7E92CE0A2A5813BF00427C61 /* HomeViewModel.swift */,
				7E9F08F62A45A1DE0014B34D /* MainViewModel.swift */,
				D7FB9A2A2A541DB400AD5461 /* DetailViewModel.swift */,
				7E92CE122A5D8B5600427C61 /* IngredientsViewModel.swift */,
				7E92CE1A2A656B0C00427C61 /* SearchViewModel.swift */,
				7E92CE202A6A7E3800427C61 /* FavoritesViewModel.swift */,
			);
			path = ViewModel;
			sourceTree = "<group>";
		};
		7E9F08EE2A458D810014B34D /* Services */ = {
			isa = PBXGroup;
			children = (
				7E92CDDF2A4C139300427C61 /* RecipeApiService.swift */,
				7E92CE0E2A5D6E1900427C61 /* CRUDService.swift */,
			);
			path = Services;
			sourceTree = "<group>";
		};
		7E9F08EF2A458DBC0014B34D /* Data */ = {
			isa = PBXGroup;
			children = (
				7E9F08EB2A458D550014B34D /* Model */,
			);
			path = Data;
			sourceTree = "<group>";
		};
		7E9F08F02A459ECD0014B34D /* common */ = {
			isa = PBXGroup;
			children = (
				7E9F090D2A497BF70014B34D /* HeaderView.swift */,
				7E92CDD92A499D9200427C61 /* ListThumbnailSmall.swift */,
				7E92CDDB2A49A0A400427C61 /* ListThumbnailMedium.swift */,
			);
			path = common;
			sourceTree = "<group>";
		};
		7E9F08F12A459EFD0014B34D /* HomeScreen */ = {
			isa = PBXGroup;
			children = (
				7E92CDDD2A49C97A00427C61 /* HomeScreen.swift */,
			);
			path = HomeScreen;
			sourceTree = "<group>";
		};
		7E9F08F22A459F180014B34D /* IngredientsScreen */ = {
			isa = PBXGroup;
			children = (
				7E92CE102A5D8B3500427C61 /* IngredientsScreen.swift */,
			);
			path = IngredientsScreen;
			sourceTree = "<group>";
		};
		7E9F08F32A459F240014B34D /* RecipeSearch */ = {
			isa = PBXGroup;
			children = (
				7E92CE182A656AEB00427C61 /* RecipeSearch.swift */,
			);
			path = RecipeSearch;
			sourceTree = "<group>";
		};
		7E9F08F42A459F390014B34D /* RecipeDetailView */ = {
			isa = PBXGroup;
			children = (
				7E92CDF52A52CF0300427C61 /* RecipeDetailView.swift */,
			);
			path = RecipeDetailView;
			sourceTree = "<group>";
		};
		7E9F08F52A459F540014B34D /* FavoriteList */ = {
			isa = PBXGroup;
			children = (
				7E92CE1E2A6A7DDA00427C61 /* FavoriteListView.swift */,
			);
			path = FavoriteList;
			sourceTree = "<group>";
		};
/* End PBXGroup section */

/* Begin PBXNativeTarget section */
		7E9F08D92A443DFE0014B34D /* LimitChef */ = {
			isa = PBXNativeTarget;
			buildConfigurationList = 7E9F08E82A443DFF0014B34D /* Build configuration list for PBXNativeTarget "LimitChef" */;
			buildPhases = (
				7E9F08D62A443DFE0014B34D /* Sources */,
				7E9F08D72A443DFE0014B34D /* Frameworks */,
				7E9F08D82A443DFE0014B34D /* Resources */,
			);
			buildRules = (
			);
			dependencies = (
			);
			name = LimitChef;
			productName = LimitChef;
			productReference = 7E9F08DA2A443DFE0014B34D /* LimitChef.app */;
			productType = "com.apple.product-type.application";
		};
/* End PBXNativeTarget section */

/* Begin PBXProject section */
		7E9F08D22A443DFE0014B34D /* Project object */ = {
			isa = PBXProject;
			attributes = {
				BuildIndependentTargetsInParallel = 1;
				LastSwiftUpdateCheck = 1430;
				LastUpgradeCheck = 1430;
				TargetAttributes = {
					7E9F08D92A443DFE0014B34D = {
						CreatedOnToolsVersion = 14.3.1;
					};
				};
			};
			buildConfigurationList = 7E9F08D52A443DFE0014B34D /* Build configuration list for PBXProject "LimitChef" */;
			compatibilityVersion = "Xcode 14.0";
			developmentRegion = en;
			hasScannedForEncodings = 0;
			knownRegions = (
				en,
				Base,
			);
			mainGroup = 7E9F08D12A443DFE0014B34D;
			productRefGroup = 7E9F08DB2A443DFE0014B34D /* Products */;
			projectDirPath = "";
			projectRoot = "";
			targets = (
				7E9F08D92A443DFE0014B34D /* LimitChef */,
			);
		};
/* End PBXProject section */

/* Begin PBXResourcesBuildPhase section */
		7E9F08D82A443DFE0014B34D /* Resources */ = {
			isa = PBXResourcesBuildPhase;
			buildActionMask = 2147483647;
			files = (
				7E9F08E52A443DFF0014B34D /* Preview Assets.xcassets in Resources */,
				7E92CE042A55739E00427C61 /* RecipeSearch.png in Resources */,
				7E92CE002A55739E00427C61 /* RecipeDetailView.png in Resources */,
				7E92CE012A55739E00427C61 /* HomeScreen.png in Resources */,
				7E92CE022A55739E00427C61 /* IngredientsScreen.png in Resources */,
				7E9F08E22A443DFF0014B34D /* Assets.xcassets in Resources */,
				7E92CE062A55739E00427C61 /* FavoriteList.png in Resources */,
				7E92CE032A55739E00427C61 /* PflichtenHeftModul4NigelMarks.pages in Resources */,
				7E92CE052A55739E00427C61 /* LimitChefProjectPlan.pdf in Resources */,
			);
			runOnlyForDeploymentPostprocessing = 0;
		};
/* End PBXResourcesBuildPhase section */

/* Begin PBXSourcesBuildPhase section */
		7E9F08D62A443DFE0014B34D /* Sources */ = {
			isa = PBXSourcesBuildPhase;
			buildActionMask = 2147483647;
			files = (
				7E92CE1B2A656B0C00427C61 /* SearchViewModel.swift in Sources */,
				7E92CE1D2A669CF200427C61 /* AppStorageKeys.swift in Sources */,
				7E9F08E02A443DFE0014B34D /* ContentView.swift in Sources */,
				7E92CE112A5D8B3500427C61 /* IngredientsScreen.swift in Sources */,
				7E9F08FA2A45A2230014B34D /* RecipeModel.xcdatamodeld in Sources */,
				7E92CE212A6A7E3800427C61 /* FavoritesViewModel.swift in Sources */,
				7E92CDF62A52CF0300427C61 /* RecipeDetailView.swift in Sources */,
				7E92CE0F2A5D6E1900427C61 /* CRUDService.swift in Sources */,
				7E92CE132A5D8B5600427C61 /* IngredientsViewModel.swift in Sources */,
				7E92CE1F2A6A7DDA00427C61 /* FavoriteListView.swift in Sources */,
				7E92CE0B2A5813BF00427C61 /* HomeViewModel.swift in Sources */,
				7E9F08DE2A443DFE0014B34D /* LimitChefApp.swift in Sources */,
				7E9F08F72A45A1DE0014B34D /* MainViewModel.swift in Sources */,
				7E92CDDE2A49C97A00427C61 /* HomeScreen.swift in Sources */,
				7E92CE192A656AEB00427C61 /* RecipeSearch.swift in Sources */,
				7E9F08FC2A45D85A0014B34D /* Recipe.swift in Sources */,
				7E92CE092A5810D800427C61 /* Util.swift in Sources */,
				7E92CDDC2A49A0A400427C61 /* ListThumbnailMedium.swift in Sources */,
				7E9F08FE2A45DA610014B34D /* Category.swift in Sources */,
				7E92CE0D2A58383100427C61 /* IngredientAPI.swift in Sources */,
				D7FB9A2B2A541DB400AD5461 /* DetailViewModel.swift in Sources */,
				7E92CDE02A4C139300427C61 /* RecipeApiService.swift in Sources */,
				7E9F090E2A497BF70014B34D /* HeaderView.swift in Sources */,
				7E92CDDA2A499D9200427C61 /* ListThumbnailSmall.swift in Sources */,
				7E92CDD62A49953900427C61 /* LimitChefColors.swift in Sources */,
			);
			runOnlyForDeploymentPostprocessing = 0;
		};
/* End PBXSourcesBuildPhase section */

/* Begin XCBuildConfiguration section */
		7E9F08E62A443DFF0014B34D /* Debug */ = {
			isa = XCBuildConfiguration;
			buildSettings = {
				ALWAYS_SEARCH_USER_PATHS = NO;
				CLANG_ANALYZER_NONNULL = YES;
				CLANG_ANALYZER_NUMBER_OBJECT_CONVERSION = YES_AGGRESSIVE;
				CLANG_CXX_LANGUAGE_STANDARD = "gnu++20";
				CLANG_ENABLE_MODULES = YES;
				CLANG_ENABLE_OBJC_ARC = YES;
				CLANG_ENABLE_OBJC_WEAK = YES;
				CLANG_WARN_BLOCK_CAPTURE_AUTORELEASING = YES;
				CLANG_WARN_BOOL_CONVERSION = YES;
				CLANG_WARN_COMMA = YES;
				CLANG_WARN_CONSTANT_CONVERSION = YES;
				CLANG_WARN_DEPRECATED_OBJC_IMPLEMENTATIONS = YES;
				CLANG_WARN_DIRECT_OBJC_ISA_USAGE = YES_ERROR;
				CLANG_WARN_DOCUMENTATION_COMMENTS = YES;
				CLANG_WARN_EMPTY_BODY = YES;
				CLANG_WARN_ENUM_CONVERSION = YES;
				CLANG_WARN_INFINITE_RECURSION = YES;
				CLANG_WARN_INT_CONVERSION = YES;
				CLANG_WARN_NON_LITERAL_NULL_CONVERSION = YES;
				CLANG_WARN_OBJC_IMPLICIT_RETAIN_SELF = YES;
				CLANG_WARN_OBJC_LITERAL_CONVERSION = YES;
				CLANG_WARN_OBJC_ROOT_CLASS = YES_ERROR;
				CLANG_WARN_QUOTED_INCLUDE_IN_FRAMEWORK_HEADER = YES;
				CLANG_WARN_RANGE_LOOP_ANALYSIS = YES;
				CLANG_WARN_STRICT_PROTOTYPES = YES;
				CLANG_WARN_SUSPICIOUS_MOVE = YES;
				CLANG_WARN_UNGUARDED_AVAILABILITY = YES_AGGRESSIVE;
				CLANG_WARN_UNREACHABLE_CODE = YES;
				CLANG_WARN__DUPLICATE_METHOD_MATCH = YES;
				COPY_PHASE_STRIP = NO;
				DEBUG_INFORMATION_FORMAT = dwarf;
				ENABLE_STRICT_OBJC_MSGSEND = YES;
				ENABLE_TESTABILITY = YES;
				GCC_C_LANGUAGE_STANDARD = gnu11;
				GCC_DYNAMIC_NO_PIC = NO;
				GCC_NO_COMMON_BLOCKS = YES;
				GCC_OPTIMIZATION_LEVEL = 0;
				GCC_PREPROCESSOR_DEFINITIONS = (
					"DEBUG=1",
					"$(inherited)",
				);
				GCC_WARN_64_TO_32_BIT_CONVERSION = YES;
				GCC_WARN_ABOUT_RETURN_TYPE = YES_ERROR;
				GCC_WARN_UNDECLARED_SELECTOR = YES;
				GCC_WARN_UNINITIALIZED_AUTOS = YES_AGGRESSIVE;
				GCC_WARN_UNUSED_FUNCTION = YES;
				GCC_WARN_UNUSED_VARIABLE = YES;
				IPHONEOS_DEPLOYMENT_TARGET = 16.4;
				MTL_ENABLE_DEBUG_INFO = INCLUDE_SOURCE;
				MTL_FAST_MATH = YES;
				ONLY_ACTIVE_ARCH = YES;
				SDKROOT = iphoneos;
				SWIFT_ACTIVE_COMPILATION_CONDITIONS = DEBUG;
				SWIFT_OPTIMIZATION_LEVEL = "-Onone";
			};
			name = Debug;
		};
		7E9F08E72A443DFF0014B34D /* Release */ = {
			isa = XCBuildConfiguration;
			buildSettings = {
				ALWAYS_SEARCH_USER_PATHS = NO;
				CLANG_ANALYZER_NONNULL = YES;
				CLANG_ANALYZER_NUMBER_OBJECT_CONVERSION = YES_AGGRESSIVE;
				CLANG_CXX_LANGUAGE_STANDARD = "gnu++20";
				CLANG_ENABLE_MODULES = YES;
				CLANG_ENABLE_OBJC_ARC = YES;
				CLANG_ENABLE_OBJC_WEAK = YES;
				CLANG_WARN_BLOCK_CAPTURE_AUTORELEASING = YES;
				CLANG_WARN_BOOL_CONVERSION = YES;
				CLANG_WARN_COMMA = YES;
				CLANG_WARN_CONSTANT_CONVERSION = YES;
				CLANG_WARN_DEPRECATED_OBJC_IMPLEMENTATIONS = YES;
				CLANG_WARN_DIRECT_OBJC_ISA_USAGE = YES_ERROR;
				CLANG_WARN_DOCUMENTATION_COMMENTS = YES;
				CLANG_WARN_EMPTY_BODY = YES;
				CLANG_WARN_ENUM_CONVERSION = YES;
				CLANG_WARN_INFINITE_RECURSION = YES;
				CLANG_WARN_INT_CONVERSION = YES;
				CLANG_WARN_NON_LITERAL_NULL_CONVERSION = YES;
				CLANG_WARN_OBJC_IMPLICIT_RETAIN_SELF = YES;
				CLANG_WARN_OBJC_LITERAL_CONVERSION = YES;
				CLANG_WARN_OBJC_ROOT_CLASS = YES_ERROR;
				CLANG_WARN_QUOTED_INCLUDE_IN_FRAMEWORK_HEADER = YES;
				CLANG_WARN_RANGE_LOOP_ANALYSIS = YES;
				CLANG_WARN_STRICT_PROTOTYPES = YES;
				CLANG_WARN_SUSPICIOUS_MOVE = YES;
				CLANG_WARN_UNGUARDED_AVAILABILITY = YES_AGGRESSIVE;
				CLANG_WARN_UNREACHABLE_CODE = YES;
				CLANG_WARN__DUPLICATE_METHOD_MATCH = YES;
				COPY_PHASE_STRIP = NO;
				DEBUG_INFORMATION_FORMAT = "dwarf-with-dsym";
				ENABLE_NS_ASSERTIONS = NO;
				ENABLE_STRICT_OBJC_MSGSEND = YES;
				GCC_C_LANGUAGE_STANDARD = gnu11;
				GCC_NO_COMMON_BLOCKS = YES;
				GCC_WARN_64_TO_32_BIT_CONVERSION = YES;
				GCC_WARN_ABOUT_RETURN_TYPE = YES_ERROR;
				GCC_WARN_UNDECLARED_SELECTOR = YES;
				GCC_WARN_UNINITIALIZED_AUTOS = YES_AGGRESSIVE;
				GCC_WARN_UNUSED_FUNCTION = YES;
				GCC_WARN_UNUSED_VARIABLE = YES;
				IPHONEOS_DEPLOYMENT_TARGET = 16.4;
				MTL_ENABLE_DEBUG_INFO = NO;
				MTL_FAST_MATH = YES;
				SDKROOT = iphoneos;
				SWIFT_COMPILATION_MODE = wholemodule;
				SWIFT_OPTIMIZATION_LEVEL = "-O";
				VALIDATE_PRODUCT = YES;
			};
			name = Release;
		};
		7E9F08E92A443DFF0014B34D /* Debug */ = {
			isa = XCBuildConfiguration;
			buildSettings = {
				ASSETCATALOG_COMPILER_APPICON_NAME = AppIcon;
				ASSETCATALOG_COMPILER_GLOBAL_ACCENT_COLOR_NAME = AccentColor;
				CODE_SIGN_STYLE = Automatic;
				CURRENT_PROJECT_VERSION = 1;
				DEVELOPMENT_ASSET_PATHS = "\"LimitChef/Preview Content\"";
				DEVELOPMENT_TEAM = K6ANS5KU57;
				ENABLE_PREVIEWS = YES;
				GENERATE_INFOPLIST_FILE = YES;
				INFOPLIST_KEY_LSApplicationCategoryType = "public.app-category.food-and-drink";
				INFOPLIST_KEY_UIApplicationSceneManifest_Generation = YES;
				INFOPLIST_KEY_UIApplicationSupportsIndirectInputEvents = YES;
				INFOPLIST_KEY_UILaunchScreen_Generation = YES;
				INFOPLIST_KEY_UISupportedInterfaceOrientations_iPad = "UIInterfaceOrientationPortrait UIInterfaceOrientationPortraitUpsideDown UIInterfaceOrientationLandscapeLeft UIInterfaceOrientationLandscapeRight";
				INFOPLIST_KEY_UISupportedInterfaceOrientations_iPhone = "UIInterfaceOrientationPortrait UIInterfaceOrientationLandscapeLeft UIInterfaceOrientationLandscapeRight";
				LD_RUNPATH_SEARCH_PATHS = (
					"$(inherited)",
					"@executable_path/Frameworks",
				);
				MARKETING_VERSION = 1.0;
				PRODUCT_BUNDLE_IDENTIFIER = com.nigel.marks.LimitChef;
				PRODUCT_NAME = "$(TARGET_NAME)";
				SWIFT_EMIT_LOC_STRINGS = YES;
				SWIFT_VERSION = 5.0;
				TARGETED_DEVICE_FAMILY = "1,2";
			};
			name = Debug;
		};
		7E9F08EA2A443DFF0014B34D /* Release */ = {
			isa = XCBuildConfiguration;
			buildSettings = {
				ASSETCATALOG_COMPILER_APPICON_NAME = AppIcon;
				ASSETCATALOG_COMPILER_GLOBAL_ACCENT_COLOR_NAME = AccentColor;
				CODE_SIGN_STYLE = Automatic;
				CURRENT_PROJECT_VERSION = 1;
				DEVELOPMENT_ASSET_PATHS = "\"LimitChef/Preview Content\"";
				DEVELOPMENT_TEAM = K6ANS5KU57;
				ENABLE_PREVIEWS = YES;
				GENERATE_INFOPLIST_FILE = YES;
				INFOPLIST_KEY_LSApplicationCategoryType = "public.app-category.food-and-drink";
				INFOPLIST_KEY_UIApplicationSceneManifest_Generation = YES;
				INFOPLIST_KEY_UIApplicationSupportsIndirectInputEvents = YES;
				INFOPLIST_KEY_UILaunchScreen_Generation = YES;
				INFOPLIST_KEY_UISupportedInterfaceOrientations_iPad = "UIInterfaceOrientationPortrait UIInterfaceOrientationPortraitUpsideDown UIInterfaceOrientationLandscapeLeft UIInterfaceOrientationLandscapeRight";
				INFOPLIST_KEY_UISupportedInterfaceOrientations_iPhone = "UIInterfaceOrientationPortrait UIInterfaceOrientationLandscapeLeft UIInterfaceOrientationLandscapeRight";
				LD_RUNPATH_SEARCH_PATHS = (
					"$(inherited)",
					"@executable_path/Frameworks",
				);
				MARKETING_VERSION = 1.0;
				PRODUCT_BUNDLE_IDENTIFIER = com.nigel.marks.LimitChef;
				PRODUCT_NAME = "$(TARGET_NAME)";
				SWIFT_EMIT_LOC_STRINGS = YES;
				SWIFT_VERSION = 5.0;
				TARGETED_DEVICE_FAMILY = "1,2";
			};
			name = Release;
		};
/* End XCBuildConfiguration section */

/* Begin XCConfigurationList section */
		7E9F08D52A443DFE0014B34D /* Build configuration list for PBXProject "LimitChef" */ = {
			isa = XCConfigurationList;
			buildConfigurations = (
				7E9F08E62A443DFF0014B34D /* Debug */,
				7E9F08E72A443DFF0014B34D /* Release */,
			);
			defaultConfigurationIsVisible = 0;
			defaultConfigurationName = Release;
		};
		7E9F08E82A443DFF0014B34D /* Build configuration list for PBXNativeTarget "LimitChef" */ = {
			isa = XCConfigurationList;
			buildConfigurations = (
				7E9F08E92A443DFF0014B34D /* Debug */,
				7E9F08EA2A443DFF0014B34D /* Release */,
			);
			defaultConfigurationIsVisible = 0;
			defaultConfigurationName = Release;
		};
/* End XCConfigurationList section */

/* Begin XCVersionGroup section */
		7E9F08F82A45A2230014B34D /* RecipeModel.xcdatamodeld */ = {
			isa = XCVersionGroup;
			children = (
				7E9F08F92A45A2230014B34D /* RecipeModel.xcdatamodel */,
			);
			currentVersion = 7E9F08F92A45A2230014B34D /* RecipeModel.xcdatamodel */;
			path = RecipeModel.xcdatamodeld;
			sourceTree = "<group>";
			versionGroupType = wrapper.xcdatamodel;
		};
/* End XCVersionGroup section */
	};
	rootObject = 7E9F08D22A443DFE0014B34D /* Project object */;
}
